
Microsoft Visual Studio Solution File, Format Version 12.00
# Visual Studio Version 16
VisualStudioVersion = 16.0.29728.190
MinimumVisualStudioVersion = 10.0.40219.1
Project("{FAE04EC0-301F-11D3-BF4B-00C04F79EFBC}") = "araliktoplami", "araliktoplami\araliktoplami.csproj", "{2D06305D-A02B-4616-A3D3-6F56A6CE4E69}"
EndProject
Global
	GlobalSection(SolutionConfigurationPlatforms) = preSolution
		Debug|Any CPU = Debug|Any CPU
		Release|Any CPU = Release|Any CPU
	EndGlobalSection
	GlobalSection(ProjectConfigurationPlatforms) = postSolution
		{2D06305D-A02B-4616-A3D3-6F56A6CE4E69}.Debug|Any CPU.ActiveCfg = Debug|Any CPU
		{2D06305D-A02B-4616-A3D3-6F56A6CE4E69}.Debug|Any CPU.Build.0 = Debug|Any CPU
		{2D06305D-A02B-4616-A3D3-6F56A6CE4E69}.Release|Any CPU.ActiveCfg = Release|Any CPU
		{2D06305D-A02B-4616-A3D3-6F56A6CE4E69}.Release|Any CPU.Build.0 = Release|Any CPU
	EndGlobalSection
	GlobalSection(SolutionProperties) = preSolution
		HideSolutionNode = FALSE
	EndGlobalSection
	GlobalSection(ExtensibilityGlobals) = postSolution
		SolutionGuid = {436EE27E-9BF5-46C5-9DBD-8B12C34FCBE9}
	EndGlobalSection
EndGlobal
